// !$*UTF8*$!
{
	archiveVersion = 1;
	classes = {
	};
	objectVersion = 50;
	objects = {

/* Begin PBXBuildFile section */
		C53F726D268D51780056C8ED /* AppDelegate.swift in Sources */ = {isa = PBXBuildFile; fileRef = C53F726C268D51780056C8ED /* AppDelegate.swift */; };
		C53F726F268D51780056C8ED /* SceneDelegate.swift in Sources */ = {isa = PBXBuildFile; fileRef = C53F726E268D51780056C8ED /* SceneDelegate.swift */; };
		C53F7271268D51780056C8ED /* ViewController.swift in Sources */ = {isa = PBXBuildFile; fileRef = C53F7270268D51780056C8ED /* ViewController.swift */; };
		C53F7274268D51780056C8ED /* Main.storyboard in Resources */ = {isa = PBXBuildFile; fileRef = C53F7272268D51780056C8ED /* Main.storyboard */; };
		C53F7276268D51780056C8ED /* Assets.xcassets in Resources */ = {isa = PBXBuildFile; fileRef = C53F7275268D51780056C8ED /* Assets.xcassets */; };
		C53F7279268D51780056C8ED /* LaunchScreen.storyboard in Resources */ = {isa = PBXBuildFile; fileRef = C53F7277268D51780056C8ED /* LaunchScreen.storyboard */; };
		C53F7284268D51780056C8ED /* swiftdiTests.swift in Sources */ = {isa = PBXBuildFile; fileRef = C53F7283268D51780056C8ED /* swiftdiTests.swift */; };
		C53F728F268D51780056C8ED /* swiftdiUITests.swift in Sources */ = {isa = PBXBuildFile; fileRef = C53F728E268D51780056C8ED /* swiftdiUITests.swift */; };
/* End PBXBuildFile section */

/* Begin PBXContainerItemProxy section */
		C53F7280268D51780056C8ED /* PBXContainerItemProxy */ = {
			isa = PBXContainerItemProxy;
			containerPortal = C53F7261268D51780056C8ED /* Project object */;
			proxyType = 1;
			remoteGlobalIDString = C53F7268268D51780056C8ED;
			remoteInfo = swiftdi;
		};
		C53F728B268D51780056C8ED /* PBXContainerItemProxy */ = {
			isa = PBXContainerItemProxy;
			containerPortal = C53F7261268D51780056C8ED /* Project object */;
			proxyType = 1;
			remoteGlobalIDString = C53F7268268D51780056C8ED;
			remoteInfo = swiftdi;
		};
/* End PBXContainerItemProxy section */

/* Begin PBXFileReference section */
		C53F7269268D51780056C8ED /* swiftdi.app */ = {isa = PBXFileReference; explicitFileType = wrapper.application; includeInIndex = 0; path = swiftdi.app; sourceTree = BUILT_PRODUCTS_DIR; };
		C53F726C268D51780056C8ED /* AppDelegate.swift */ = {isa = PBXFileReference; lastKnownFileType = sourcecode.swift; path = AppDelegate.swift; sourceTree = "<group>"; };
		C53F726E268D51780056C8ED /* SceneDelegate.swift */ = {isa = PBXFileReference; lastKnownFileType = sourcecode.swift; path = SceneDelegate.swift; sourceTree = "<group>"; };
		C53F7270268D51780056C8ED /* ViewController.swift */ = {isa = PBXFileReference; lastKnownFileType = sourcecode.swift; path = ViewController.swift; sourceTree = "<group>"; };
		C53F7273268D51780056C8ED /* Base */ = {isa = PBXFileReference; lastKnownFileType = file.storyboard; name = Base; path = Base.lproj/Main.storyboard; sourceTree = "<group>"; };
		C53F7275268D51780056C8ED /* Assets.xcassets */ = {isa = PBXFileReference; lastKnownFileType = folder.assetcatalog; path = Assets.xcassets; sourceTree = "<group>"; };
		C53F7278268D51780056C8ED /* Base */ = {isa = PBXFileReference; lastKnownFileType = file.storyboard; name = Base; path = Base.lproj/LaunchScreen.storyboard; sourceTree = "<group>"; };
		C53F727A268D51780056C8ED /* Info.plist */ = {isa = PBXFileReference; lastKnownFileType = text.plist.xml; path = Info.plist; sourceTree = "<group>"; };
		C53F727F268D51780056C8ED /* swiftdiTests.xctest */ = {isa = PBXFileReference; explicitFileType = wrapper.cfbundle; includeInIndex = 0; path = swiftdiTests.xctest; sourceTree = BUILT_PRODUCTS_DIR; };
		C53F7283268D51780056C8ED /* swiftdiTests.swift */ = {isa = PBXFileReference; lastKnownFileType = sourcecode.swift; path = swiftdiTests.swift; sourceTree = "<group>"; };
		C53F7285268D51780056C8ED /* Info.plist */ = {isa = PBXFileReference; lastKnownFileType = text.plist.xml; path = Info.plist; sourceTree = "<group>"; };
		C53F728A268D51780056C8ED /* swiftdiUITests.xctest */ = {isa = PBXFileReference; explicitFileType = wrapper.cfbundle; includeInIndex = 0; path = swiftdiUITests.xctest; sourceTree = BUILT_PRODUCTS_DIR; };
		C53F728E268D51780056C8ED /* swiftdiUITests.swift */ = {isa = PBXFileReference; lastKnownFileType = sourcecode.swift; path = swiftdiUITests.swift; sourceTree = "<group>"; };
		C53F7290268D51780056C8ED /* Info.plist */ = {isa = PBXFileReference; lastKnownFileType = text.plist.xml; path = Info.plist; sourceTree = "<group>"; };
/* End PBXFileReference section */

/* Begin PBXFrameworksBuildPhase section */
		C53F7266268D51780056C8ED /* Frameworks */ = {
			isa = PBXFrameworksBuildPhase;
			buildActionMask = 2147483647;
			files = (
			);
			runOnlyForDeploymentPostprocessing = 0;
		};
		C53F727C268D51780056C8ED /* Frameworks */ = {
			isa = PBXFrameworksBuildPhase;
			buildActionMask = 2147483647;
			files = (
			);
			runOnlyForDeploymentPostprocessing = 0;
		};
		C53F7287268D51780056C8ED /* Frameworks */ = {
			isa = PBXFrameworksBuildPhase;
			buildActionMask = 2147483647;
			files = (
			);
			runOnlyForDeploymentPostprocessing = 0;
		};
/* End PBXFrameworksBuildPhase section */

/* Begin PBXGroup section */
		C53F7260268D51780056C8ED = {
			isa = PBXGroup;
			children = (
				C53F726B268D51780056C8ED /* swiftdi */,
				C53F7282268D51780056C8ED /* swiftdiTests */,
				C53F728D268D51780056C8ED /* swiftdiUITests */,
				C53F726A268D51780056C8ED /* Products */,
			);
			sourceTree = "<group>";
		};
		C53F726A268D51780056C8ED /* Products */ = {
			isa = PBXGroup;
			children = (
				C53F7269268D51780056C8ED /* swiftdi.app */,
				C53F727F268D51780056C8ED /* swiftdiTests.xctest */,
				C53F728A268D51780056C8ED /* swiftdiUITests.xctest */,
			);
			name = Products;
			sourceTree = "<group>";
		};
		C53F726B268D51780056C8ED /* swiftdi */ = {
			isa = PBXGroup;
			children = (
				C53F726C268D51780056C8ED /* AppDelegate.swift */,
				C53F726E268D51780056C8ED /* SceneDelegate.swift */,
				C53F7270268D51780056C8ED /* ViewController.swift */,
				C53F7272268D51780056C8ED /* Main.storyboard */,
				C53F7275268D51780056C8ED /* Assets.xcassets */,
				C53F7277268D51780056C8ED /* LaunchScreen.storyboard */,
				C53F727A268D51780056C8ED /* Info.plist */,
			);
			path = swiftdi;
			sourceTree = "<group>";
		};
		C53F7282268D51780056C8ED /* swiftdiTests */ = {
			isa = PBXGroup;
			children = (
				C53F7283268D51780056C8ED /* swiftdiTests.swift */,
				C53F7285268D51780056C8ED /* Info.plist */,
			);
			path = swiftdiTests;
			sourceTree = "<group>";
		};
		C53F728D268D51780056C8ED /* swiftdiUITests */ = {
			isa = PBXGroup;
			children = (
				C53F728E268D51780056C8ED /* swiftdiUITests.swift */,
				C53F7290268D51780056C8ED /* Info.plist */,
			);
			path = swiftdiUITests;
			sourceTree = "<group>";
		};
/* End PBXGroup section */

/* Begin PBXNativeTarget section */
		C53F7268268D51780056C8ED /* swiftdi */ = {
			isa = PBXNativeTarget;
			buildConfigurationList = C53F7293268D51780056C8ED /* Build configuration list for PBXNativeTarget "swiftdi" */;
			buildPhases = (
				C53F7265268D51780056C8ED /* Sources */,
				C53F7266268D51780056C8ED /* Frameworks */,
				C53F7267268D51780056C8ED /* Resources */,
			);
			buildRules = (
			);
			dependencies = (
			);
			name = swiftdi;
			productName = swiftdi;
			productReference = C53F7269268D51780056C8ED /* swiftdi.app */;
			productType = "com.apple.product-type.application";
		};
		C53F727E268D51780056C8ED /* swiftdiTests */ = {
			isa = PBXNativeTarget;
			buildConfigurationList = C53F7296268D51780056C8ED /* Build configuration list for PBXNativeTarget "swiftdiTests" */;
			buildPhases = (
				C53F727B268D51780056C8ED /* Sources */,
				C53F727C268D51780056C8ED /* Frameworks */,
				C53F727D268D51780056C8ED /* Resources */,
			);
			buildRules = (
			);
			dependencies = (
				C53F7281268D51780056C8ED /* PBXTargetDependency */,
			);
			name = swiftdiTests;
			productName = swiftdiTests;
			productReference = C53F727F268D51780056C8ED /* swiftdiTests.xctest */;
			productType = "com.apple.product-type.bundle.unit-test";
		};
		C53F7289268D51780056C8ED /* swiftdiUITests */ = {
			isa = PBXNativeTarget;
			buildConfigurationList = C53F7299268D51780056C8ED /* Build configuration list for PBXNativeTarget "swiftdiUITests" */;
			buildPhases = (
				C53F7286268D51780056C8ED /* Sources */,
				C53F7287268D51780056C8ED /* Frameworks */,
				C53F7288268D51780056C8ED /* Resources */,
			);
			buildRules = (
			);
			dependencies = (
				C53F728C268D51780056C8ED /* PBXTargetDependency */,
			);
			name = swiftdiUITests;
			productName = swiftdiUITests;
			productReference = C53F728A268D51780056C8ED /* swiftdiUITests.xctest */;
			productType = "com.apple.product-type.bundle.ui-testing";
		};
/* End PBXNativeTarget section */

/* Begin PBXProject section */
		C53F7261268D51780056C8ED /* Project object */ = {
			isa = PBXProject;
			attributes = {
				LastSwiftUpdateCheck = 1250;
				LastUpgradeCheck = 1250;
				TargetAttributes = {
					C53F7268268D51780056C8ED = {
						CreatedOnToolsVersion = 12.5;
					};
					C53F727E268D51780056C8ED = {
						CreatedOnToolsVersion = 12.5;
						TestTargetID = C53F7268268D51780056C8ED;
					};
					C53F7289268D51780056C8ED = {
						CreatedOnToolsVersion = 12.5;
						TestTargetID = C53F7268268D51780056C8ED;
					};
				};
			};
			buildConfigurationList = C53F7264268D51780056C8ED /* Build configuration list for PBXProject "swiftdi" */;
			compatibilityVersion = "Xcode 9.3";
			developmentRegion = en;
			hasScannedForEncodings = 0;
			knownRegions = (
				en,
				Base,
			);
			mainGroup = C53F7260268D51780056C8ED;
			productRefGroup = C53F726A268D51780056C8ED /* Products */;
			projectDirPath = "";
			projectRoot = "";
			targets = (
				C53F7268268D51780056C8ED /* swiftdi */,
				C53F727E268D51780056C8ED /* swiftdiTests */,
				C53F7289268D51780056C8ED /* swiftdiUITests */,
			);
		};
/* End PBXProject section */

/* Begin PBXResourcesBuildPhase section */
		C53F7267268D51780056C8ED /* Resources */ = {
			isa = PBXResourcesBuildPhase;
			buildActionMask = 2147483647;
			files = (
				C53F7279268D51780056C8ED /* LaunchScreen.storyboard in Resources */,
				C53F7276268D51780056C8ED /* Assets.xcassets in Resources */,
				C53F7274268D51780056C8ED /* Main.storyboard in Resources */,
			);
			runOnlyForDeploymentPostprocessing = 0;
		};
		C53F727D268D51780056C8ED /* Resources */ = {
			isa = PBXResourcesBuildPhase;
			buildActionMask = 2147483647;
			files = (
			);
			runOnlyForDeploymentPostprocessing = 0;
		};
		C53F7288268D51780056C8ED /* Resources */ = {
			isa = PBXResourcesBuildPhase;
			buildActionMask = 2147483647;
			files = (
			);
			runOnlyForDeploymentPostprocessing = 0;
		};
/* End PBXResourcesBuildPhase section */

/* Begin PBXSourcesBuildPhase section */
		C53F7265268D51780056C8ED /* Sources */ = {
			isa = PBXSourcesBuildPhase;
			buildActionMask = 2147483647;
			files = (
				C53F7271268D51780056C8ED /* ViewController.swift in Sources */,
				C53F726D268D51780056C8ED /* AppDelegate.swift in Sources */,
				C53F726F268D51780056C8ED /* SceneDelegate.swift in Sources */,
			);
			runOnlyForDeploymentPostprocessing = 0;
		};
		C53F727B268D51780056C8ED /* Sources */ = {
			isa = PBXSourcesBuildPhase;
			buildActionMask = 2147483647;
			files = (
				C53F7284268D51780056C8ED /* swiftdiTests.swift in Sources */,
			);
			runOnlyForDeploymentPostprocessing = 0;
		};
		C53F7286268D51780056C8ED /* Sources */ = {
			isa = PBXSourcesBuildPhase;
			buildActionMask = 2147483647;
			files = (
				C53F728F268D51780056C8ED /* swiftdiUITests.swift in Sources */,
			);
			runOnlyForDeploymentPostprocessing = 0;
		};
/* End PBXSourcesBuildPhase section */

/* Begin PBXTargetDependency section */
		C53F7281268D51780056C8ED /* PBXTargetDependency */ = {
			isa = PBXTargetDependency;
			target = C53F7268268D51780056C8ED /* swiftdi */;
			targetProxy = C53F7280268D51780056C8ED /* PBXContainerItemProxy */;
		};
		C53F728C268D51780056C8ED /* PBXTargetDependency */ = {
			isa = PBXTargetDependency;
			target = C53F7268268D51780056C8ED /* swiftdi */;
			targetProxy = C53F728B268D51780056C8ED /* PBXContainerItemProxy */;
		};
/* End PBXTargetDependency section */

/* Begin PBXVariantGroup section */
		C53F7272268D51780056C8ED /* Main.storyboard */ = {
			isa = PBXVariantGroup;
			children = (
				C53F7273268D51780056C8ED /* Base */,
			);
			name = Main.storyboard;
			sourceTree = "<group>";
		};
		C53F7277268D51780056C8ED /* LaunchScreen.storyboard */ = {
			isa = PBXVariantGroup;
			children = (
				C53F7278268D51780056C8ED /* Base */,
			);
			name = LaunchScreen.storyboard;
			sourceTree = "<group>";
		};
/* End PBXVariantGroup section */

/* Begin XCBuildConfiguration section */
		C53F7291268D51780056C8ED /* Debug */ = {
			isa = XCBuildConfiguration;
			buildSettings = {
				ALWAYS_SEARCH_USER_PATHS = NO;
				CLANG_ANALYZER_NONNULL = YES;
				CLANG_ANALYZER_NUMBER_OBJECT_CONVERSION = YES_AGGRESSIVE;
				CLANG_CXX_LANGUAGE_STANDARD = "gnu++14";
				CLANG_CXX_LIBRARY = "libc++";
				CLANG_ENABLE_MODULES = YES;
				CLANG_ENABLE_OBJC_ARC = YES;
				CLANG_ENABLE_OBJC_WEAK = YES;
				CLANG_WARN_BLOCK_CAPTURE_AUTORELEASING = YES;
				CLANG_WARN_BOOL_CONVERSION = YES;
				CLANG_WARN_COMMA = YES;
				CLANG_WARN_CONSTANT_CONVERSION = YES;
				CLANG_WARN_DEPRECATED_OBJC_IMPLEMENTATIONS = YES;
				CLANG_WARN_DIRECT_OBJC_ISA_USAGE = YES_ERROR;
				CLANG_WARN_DOCUMENTATION_COMMENTS = YES;
				CLANG_WARN_EMPTY_BODY = YES;
				CLANG_WARN_ENUM_CONVERSION = YES;
				CLANG_WARN_INFINITE_RECURSION = YES;
				CLANG_WARN_INT_CONVERSION = YES;
				CLANG_WARN_NON_LITERAL_NULL_CONVERSION = YES;
				CLANG_WARN_OBJC_IMPLICIT_RETAIN_SELF = YES;
				CLANG_WARN_OBJC_LITERAL_CONVERSION = YES;
				CLANG_WARN_OBJC_ROOT_CLASS = YES_ERROR;
				CLANG_WARN_QUOTED_INCLUDE_IN_FRAMEWORK_HEADER = YES;
				CLANG_WARN_RANGE_LOOP_ANALYSIS = YES;
				CLANG_WARN_STRICT_PROTOTYPES = YES;
				CLANG_WARN_SUSPICIOUS_MOVE = YES;
				CLANG_WARN_UNGUARDED_AVAILABILITY = YES_AGGRESSIVE;
				CLANG_WARN_UNREACHABLE_CODE = YES;
				CLANG_WARN__DUPLICATE_METHOD_MATCH = YES;
				COPY_PHASE_STRIP = NO;
				DEBUG_INFORMATION_FORMAT = dwarf;
				ENABLE_STRICT_OBJC_MSGSEND = YES;
				ENABLE_TESTABILITY = YES;
				GCC_C_LANGUAGE_STANDARD = gnu11;
				GCC_DYNAMIC_NO_PIC = NO;
				GCC_NO_COMMON_BLOCKS = YES;
				GCC_OPTIMIZATION_LEVEL = 0;
				GCC_PREPROCESSOR_DEFINITIONS = (
					"DEBUG=1",
					"$(inherited)",
				);
				GCC_WARN_64_TO_32_BIT_CONVERSION = YES;
				GCC_WARN_ABOUT_RETURN_TYPE = YES_ERROR;
				GCC_WARN_UNDECLARED_SELECTOR = YES;
				GCC_WARN_UNINITIALIZED_AUTOS = YES_AGGRESSIVE;
				GCC_WARN_UNUSED_FUNCTION = YES;
				GCC_WARN_UNUSED_VARIABLE = YES;
				IPHONEOS_DEPLOYMENT_TARGET = 14.5;
				MTL_ENABLE_DEBUG_INFO = INCLUDE_SOURCE;
				MTL_FAST_MATH = YES;
				ONLY_ACTIVE_ARCH = YES;
				SDKROOT = iphoneos;
				SWIFT_ACTIVE_COMPILATION_CONDITIONS = DEBUG;
				SWIFT_OPTIMIZATION_LEVEL = "-Onone";
			};
			name = Debug;
		};
		C53F7292268D51780056C8ED /* Release */ = {
			isa = XCBuildConfiguration;
			buildSettings = {
				ALWAYS_SEARCH_USER_PATHS = NO;
				CLANG_ANALYZER_NONNULL = YES;
				CLANG_ANALYZER_NUMBER_OBJECT_CONVERSION = YES_AGGRESSIVE;
				CLANG_CXX_LANGUAGE_STANDARD = "gnu++14";
				CLANG_CXX_LIBRARY = "libc++";
				CLANG_ENABLE_MODULES = YES;
				CLANG_ENABLE_OBJC_ARC = YES;
				CLANG_ENABLE_OBJC_WEAK = YES;
				CLANG_WARN_BLOCK_CAPTURE_AUTORELEASING = YES;
				CLANG_WARN_BOOL_CONVERSION = YES;
				CLANG_WARN_COMMA = YES;
				CLANG_WARN_CONSTANT_CONVERSION = YES;
				CLANG_WARN_DEPRECATED_OBJC_IMPLEMENTATIONS = YES;
				CLANG_WARN_DIRECT_OBJC_ISA_USAGE = YES_ERROR;
				CLANG_WARN_DOCUMENTATION_COMMENTS = YES;
				CLANG_WARN_EMPTY_BODY = YES;
				CLANG_WARN_ENUM_CONVERSION = YES;
				CLANG_WARN_INFINITE_RECURSION = YES;
				CLANG_WARN_INT_CONVERSION = YES;
				CLANG_WARN_NON_LITERAL_NULL_CONVERSION = YES;
				CLANG_WARN_OBJC_IMPLICIT_RETAIN_SELF = YES;
				CLANG_WARN_OBJC_LITERAL_CONVERSION = YES;
				CLANG_WARN_OBJC_ROOT_CLASS = YES_ERROR;
				CLANG_WARN_QUOTED_INCLUDE_IN_FRAMEWORK_HEADER = YES;
				CLANG_WARN_RANGE_LOOP_ANALYSIS = YES;
				CLANG_WARN_STRICT_PROTOTYPES = YES;
				CLANG_WARN_SUSPICIOUS_MOVE = YES;
				CLANG_WARN_UNGUARDED_AVAILABILITY = YES_AGGRESSIVE;
				CLANG_WARN_UNREACHABLE_CODE = YES;
				CLANG_WARN__DUPLICATE_METHOD_MATCH = YES;
				COPY_PHASE_STRIP = NO;
				DEBUG_INFORMATION_FORMAT = "dwarf-with-dsym";
				ENABLE_NS_ASSERTIONS = NO;
				ENABLE_STRICT_OBJC_MSGSEND = YES;
				GCC_C_LANGUAGE_STANDARD = gnu11;
				GCC_NO_COMMON_BLOCKS = YES;
				GCC_WARN_64_TO_32_BIT_CONVERSION = YES;
				GCC_WARN_ABOUT_RETURN_TYPE = YES_ERROR;
				GCC_WARN_UNDECLARED_SELECTOR = YES;
				GCC_WARN_UNINITIALIZED_AUTOS = YES_AGGRESSIVE;
				GCC_WARN_UNUSED_FUNCTION = YES;
				GCC_WARN_UNUSED_VARIABLE = YES;
				IPHONEOS_DEPLOYMENT_TARGET = 14.5;
				MTL_ENABLE_DEBUG_INFO = NO;
				MTL_FAST_MATH = YES;
				SDKROOT = iphoneos;
				SWIFT_COMPILATION_MODE = wholemodule;
				SWIFT_OPTIMIZATION_LEVEL = "-O";
				VALIDATE_PRODUCT = YES;
			};
			name = Release;
		};
		C53F7294268D51780056C8ED /* Debug */ = {
			isa = XCBuildConfiguration;
			buildSettings = {
				ASSETCATALOG_COMPILER_APPICON_NAME = AppIcon;
				ASSETCATALOG_COMPILER_GLOBAL_ACCENT_COLOR_NAME = AccentColor;
				CODE_SIGN_STYLE = Automatic;
				DEVELOPMENT_TEAM = 634BS9RZ9N;
				INFOPLIST_FILE = swiftdi/Info.plist;
				LD_RUNPATH_SEARCH_PATHS = (
					"$(inherited)",
					"@executable_path/Frameworks",
				);
				PRODUCT_BUNDLE_IDENTIFIER = com.test.swiftdi;
				PRODUCT_NAME = "$(TARGET_NAME)";
				SWIFT_VERSION = 5.0;
				TARGETED_DEVICE_FAMILY = "1,2";
			};
			name = Debug;
		};
		C53F7295268D51780056C8ED /* Release */ = {
			isa = XCBuildConfiguration;
			buildSettings = {
				ASSETCATALOG_COMPILER_APPICON_NAME = AppIcon;
				ASSETCATALOG_COMPILER_GLOBAL_ACCENT_COLOR_NAME = AccentColor;
				CODE_SIGN_STYLE = Automatic;
				DEVELOPMENT_TEAM = 634BS9RZ9N;
				INFOPLIST_FILE = swiftdi/Info.plist;
				LD_RUNPATH_SEARCH_PATHS = (
					"$(inherited)",
					"@executable_path/Frameworks",
				);
				PRODUCT_BUNDLE_IDENTIFIER = com.test.swiftdi;
				PRODUCT_NAME = "$(TARGET_NAME)";
				SWIFT_VERSION = 5.0;
				TARGETED_DEVICE_FAMILY = "1,2";
			};
			name = Release;
		};
		C53F7297268D51780056C8ED /* Debug */ = {
			isa = XCBuildConfiguration;
			buildSettings = {
				ALWAYS_EMBED_SWIFT_STANDARD_LIBRARIES = YES;
				BUNDLE_LOADER = "$(TEST_HOST)";
				CODE_SIGN_STYLE = Automatic;
				DEVELOPMENT_TEAM = 634BS9RZ9N;
				INFOPLIST_FILE = swiftdiTests/Info.plist;
				IPHONEOS_DEPLOYMENT_TARGET = 14.5;
				LD_RUNPATH_SEARCH_PATHS = (
					"$(inherited)",
					"@executable_path/Frameworks",
					"@loader_path/Frameworks",
				);
				PRODUCT_BUNDLE_IDENTIFIER = com.test.swiftdiTests;
				PRODUCT_NAME = "$(TARGET_NAME)";
				SWIFT_VERSION = 5.0;
				TARGETED_DEVICE_FAMILY = "1,2";
				TEST_HOST = "$(BUILT_PRODUCTS_DIR)/swiftdi.app/swiftdi";
			};
			name = Debug;
		};
		C53F7298268D51780056C8ED /* Release */ = {
			isa = XCBuildConfiguration;
			buildSettings = {
				ALWAYS_EMBED_SWIFT_STANDARD_LIBRARIES = YES;
				BUNDLE_LOADER = "$(TEST_HOST)";
				CODE_SIGN_STYLE = Automatic;
				DEVELOPMENT_TEAM = 634BS9RZ9N;
				INFOPLIST_FILE = swiftdiTests/Info.plist;
				IPHONEOS_DEPLOYMENT_TARGET = 14.5;
				LD_RUNPATH_SEARCH_PATHS = (
					"$(inherited)",
					"@executable_path/Frameworks",
					"@loader_path/Frameworks",
				);
				PRODUCT_BUNDLE_IDENTIFIER = com.test.swiftdiTests;
				PRODUCT_NAME = "$(TARGET_NAME)";
				SWIFT_VERSION = 5.0;
				TARGETED_DEVICE_FAMILY = "1,2";
				TEST_HOST = "$(BUILT_PRODUCTS_DIR)/swiftdi.app/swiftdi";
			};
			name = Release;
		};
		C53F729A268D51780056C8ED /* Debug */ = {
			isa = XCBuildConfiguration;
			buildSettings = {
				ALWAYS_EMBED_SWIFT_STANDARD_LIBRARIES = YES;
				CODE_SIGN_STYLE = Automatic;
				DEVELOPMENT_TEAM = 634BS9RZ9N;
				INFOPLIST_FILE = swiftdiUITests/Info.plist;
				LD_RUNPATH_SEARCH_PATHS = (
					"$(inherited)",
					"@executable_path/Frameworks",
					"@loader_path/Frameworks",
				);
				PRODUCT_BUNDLE_IDENTIFIER = com.test.swiftdiUITests;
				PRODUCT_NAME = "$(TARGET_NAME)";
				SWIFT_VERSION = 5.0;
				TARGETED_DEVICE_FAMILY = "1,2";
				TEST_TARGET_NAME = swiftdi;
			};
			name = Debug;
		};
		C53F729B268D51780056C8ED /* Release */ = {
			isa = XCBuildConfiguration;
			buildSettings = {
				ALWAYS_EMBED_SWIFT_STANDARD_LIBRARIES = YES;
				CODE_SIGN_STYLE = Automatic;
				DEVELOPMENT_TEAM = 634BS9RZ9N;
				INFOPLIST_FILE = swiftdiUITests/Info.plist;
				LD_RUNPATH_SEARCH_PATHS = (
					"$(inherited)",
					"@executable_path/Frameworks",
					"@loader_path/Frameworks",
				);
				PRODUCT_BUNDLE_IDENTIFIER = com.test.swiftdiUITests;
				PRODUCT_NAME = "$(TARGET_NAME)";
				SWIFT_VERSION = 5.0;
				TARGETED_DEVICE_FAMILY = "1,2";
				TEST_TARGET_NAME = swiftdi;
			};
			name = Release;
		};
/* End XCBuildConfiguration section */

/* Begin XCConfigurationList section */
		C53F7264268D51780056C8ED /* Build configuration list for PBXProject "swiftdi" */ = {
			isa = XCConfigurationList;
			buildConfigurations = (
				C53F7291268D51780056C8ED /* Debug */,
				C53F7292268D51780056C8ED /* Release */,
			);
			defaultConfigurationIsVisible = 0;
			defaultConfigurationName = Release;
		};
		C53F7293268D51780056C8ED /* Build configuration list for PBXNativeTarget "swiftdi" */ = {
			isa = XCConfigurationList;
			buildConfigurations = (
				C53F7294268D51780056C8ED /* Debug */,
				C53F7295268D51780056C8ED /* Release */,
			);
			defaultConfigurationIsVisible = 0;
			defaultConfigurationName = Release;
		};
		C53F7296268D51780056C8ED /* Build configuration list for PBXNativeTarget "swiftdiTests" */ = {
			isa = XCConfigurationList;
			buildConfigurations = (
				C53F7297268D51780056C8ED /* Debug */,
				C53F7298268D51780056C8ED /* Release */,
			);
			defaultConfigurationIsVisible = 0;
			defaultConfigurationName = Release;
		};
		C53F7299268D51780056C8ED /* Build configuration list for PBXNativeTarget "swiftdiUITests" */ = {
			isa = XCConfigurationList;
			buildConfigurations = (
				C53F729A268D51780056C8ED /* Debug */,
				C53F729B268D51780056C8ED /* Release */,
			);
			defaultConfigurationIsVisible = 0;
			defaultConfigurationName = Release;
		};
/* End XCConfigurationList section */
	};
	rootObject = C53F7261268D51780056C8ED /* Project object */;
}
